# This file was generated by Aiken
# You typically do not need to edit this file

[[requirements]]
name = "aiken-lang/stdlib"
version = "main"
source = "github"

[[requirements]]
name = "aiken-lang/fuzz"
version = "main"
source = "github"

[[packages]]
name = "aiken-lang/stdlib"
version = "main"
requirements = []
source = "github"

[[packages]]
name = "aiken-lang/fuzz"
version = "main"
requirements = []
source = "github"

[etags]
"aiken-lang/fuzz@main" = [{ secs_since_epoch = 1712437807, nanos_since_epoch = 174285000 }, "d7aadd4a9b25589bd6d5e3bbedcd809cdf97fe3eddb365cf89cd6ac6bc829643"]
"aiken-lang/stdlib@main" = [{ secs_since_epoch = 1712437807, nanos_since_epoch = 11046000 }, "2a710731e0127ec3e21c6c3962a0254c98602e7428b33fc4fcaa67ab368ce1b1"]
