# This file was generated by Aiken
# You typically do not need to edit this file

[[requirements]]
name = "aiken-lang/stdlib"
version = "main"
source = "github"

[[requirements]]
name = "aiken-lang/fuzz"
version = "main"
source = "github"

[[requirements]]
name = "aiken-lang/sparse-merkle-tree"
version = "main"
source = "github"

[[packages]]
name = "aiken-lang/stdlib"
version = "main"
requirements = []
source = "github"

[[packages]]
name = "aiken-lang/fuzz"
version = "main"
requirements = []
source = "github"

[[packages]]
name = "aiken-lang/sparse-merkle-tree"
version = "main"
requirements = []
source = "github"

[etags]
"aiken-lang/fuzz@main" = [{ secs_since_epoch = 1715741615, nanos_since_epoch = 791411000 }, "d7aadd4a9b25589bd6d5e3bbedcd809cdf97fe3eddb365cf89cd6ac6bc829643"]
"aiken-lang/sparse-merkle-tree@main" = [{ secs_since_epoch = 1715741616, nanos_since_epoch = 5835000 }, "bfef445771d3be9c165c8d2e0a2b6eb437ef55f94ab061470ac921b00cfbf17e"]
"aiken-lang/stdlib@main" = [{ secs_since_epoch = 1715741615, nanos_since_epoch = 554058000 }, "3d3d948e66503986746dfdf33ca5e80ac634b356c928321987188473d813b2db"]
